<?xml version="1.0" encoding="utf-8"?>
<Project ToolsVersion="4.0" xmlns="http://schemas.microsoft.com/developer/msbuild/2003">
  <ItemGroup>
    <Filter Include="External">
      <UniqueIdentifier>{26fff0dc-a8d2-4349-b2fc-4d8afb192c19}</UniqueIdentifier>
    </Filter>
    <Filter Include="External\ImGui">
      <UniqueIdentifier>{2a275927-ca8b-4e40-8398-f28a8061b454}</UniqueIdentifier>
    </Filter>
    <Filter Include="Utils">
      <UniqueIdentifier>{5dcb9ea3-d982-4d1f-ad4e-d3d5b89e4db4}</UniqueIdentifier>
    </Filter>
    <Filter Include="External\JSON">
      <UniqueIdentifier>{86e0c9c7-41c7-4b1d-9d68-2badfd379d32}</UniqueIdentifier>
    </Filter>
    <Filter Include="External\Parson">
      <UniqueIdentifier>{5508529d-7126-4be6-88cb-c2832293fb47}</UniqueIdentifier>
    </Filter>
    <Filter Include="Scenes">
      <UniqueIdentifier>{2e53bde3-95bd-4f0e-99da-302533fd6613}</UniqueIdentifier>
    </Filter>
    <Filter Include="Modules">
      <UniqueIdentifier>{6f1168af-656f-4906-b1fe-4009c9c6a8c5}</UniqueIdentifier>
    </Filter>
    <Filter Include="Utils\Geometry">
      <UniqueIdentifier>{7911a2f3-d89a-4120-9266-eab5ad084328}</UniqueIdentifier>
    </Filter>
    <Filter Include="Utils\Time">
      <UniqueIdentifier>{870fba25-dbf5-40e9-8c45-dea7fbe51f2d}</UniqueIdentifier>
    </Filter>
    <Filter Include="Utils\Others">
      <UniqueIdentifier>{0fd830b9-63ec-478f-83ec-46c6dfab7492}</UniqueIdentifier>
    </Filter>
    <Filter Include="External\STB">
      <UniqueIdentifier>{bec67902-ded1-4874-bde1-512fb7543a11}</UniqueIdentifier>
    </Filter>
    <Filter Include="External\PhysFS">
      <UniqueIdentifier>{a4feabb6-2d05-40c3-ac03-730c0c631125}</UniqueIdentifier>
    </Filter>
  </ItemGroup>
  <ItemGroup>
    <ClInclude Include="Source\External\imgui\imconfig.h">
      <Filter>External\ImGui</Filter>
    </ClInclude>
    <ClInclude Include="Source\External\imgui\imgui_impl_sdl.h">
      <Filter>External\ImGui</Filter>
    </ClInclude>
    <ClInclude Include="Source\External\imgui\imgui_internal.h">
      <Filter>External\ImGui</Filter>
    </ClInclude>
    <ClInclude Include="Source\External\imgui\imstb_rectpack.h">
      <Filter>External\ImGui</Filter>
    </ClInclude>
    <ClInclude Include="Source\External\imgui\imstb_textedit.h">
      <Filter>External\ImGui</Filter>
    </ClInclude>
    <ClInclude Include="Source\External\imgui\imstb_truetype.h">
      <Filter>External\ImGui</Filter>
    </ClInclude>
    <ClInclude Include="Source\External\imgui\imgui.h">
      <Filter>External\ImGui</Filter>
    </ClInclude>
    <ClInclude Include="Source\External\json\allocator.h">
      <Filter>External\JSON</Filter>
    </ClInclude>
    <ClInclude Include="Source\External\json\assertions.h">
      <Filter>External\JSON</Filter>
    </ClInclude>
    <ClInclude Include="Source\External\json\config.h">
      <Filter>External\JSON</Filter>
    </ClInclude>
    <ClInclude Include="Source\External\json\forwards.h">
      <Filter>External\JSON</Filter>
    </ClInclude>
    <ClInclude Include="Source\External\json\json.h">
      <Filter>External\JSON</Filter>
    </ClInclude>
    <ClInclude Include="Source\External\json\json_features.h">
      <Filter>External\JSON</Filter>
    </ClInclude>
    <ClInclude Include="Source\External\json\json_tool.h">
      <Filter>External\JSON</Filter>
    </ClInclude>
    <ClInclude Include="Source\External\json\reader.h">
      <Filter>External\JSON</Filter>
    </ClInclude>
    <ClInclude Include="Source\External\json\value.h">
      <Filter>External\JSON</Filter>
    </ClInclude>
    <ClInclude Include="Source\External\json\version.h">
      <Filter>External\JSON</Filter>
    </ClInclude>
    <ClInclude Include="Source\External\json\writer.h">
      <Filter>External\JSON</Filter>
    </ClInclude>
    <ClInclude Include="Source\External\parson\Parson.h">
      <Filter>External\Parson</Filter>
    </ClInclude>
    <ClInclude Include="Source\EditorScene.h">
      <Filter>Scenes</Filter>
    </ClInclude>
    <ClInclude Include="Source\External\imgui\imgui_stdlib.h">
      <Filter>External\ImGui</Filter>
    </ClInclude>
    <ClInclude Include="Source\ModuleWindow.h">
      <Filter>Modules</Filter>
    </ClInclude>
    <ClInclude Include="Source\Module.h">
      <Filter>Modules</Filter>
    </ClInclude>
    <ClInclude Include="Source\ModuleCamera3D.h">
      <Filter>Modules</Filter>
    </ClInclude>
    <ClInclude Include="Source\ModuleInput.h">
      <Filter>Modules</Filter>
    </ClInclude>
    <ClInclude Include="Source\ModuleRenderer3D.h">
      <Filter>Modules</Filter>
    </ClInclude>
    <ClInclude Include="Source\ModuleSceneIntro.h">
      <Filter>Modules</Filter>
    </ClInclude>
    <ClInclude Include="Source\External\imgui\imgui_impl_opengl3.h">
      <Filter>External\ImGui</Filter>
    </ClInclude>
    <ClInclude Include="Source\Application.h">
      <Filter>Modules</Filter>
    </ClInclude>
    <ClInclude Include="Source\Globals.h">
      <Filter>Modules</Filter>
    </ClInclude>
    <ClInclude Include="Source\Shapes3D.h">
      <Filter>Utils\Geometry</Filter>
    </ClInclude>
    <ClInclude Include="Source\Light.h">
      <Filter>Utils\Geometry</Filter>
    </ClInclude>
    <ClInclude Include="Source\PerfTimer.h">
      <Filter>Utils\Time</Filter>
    </ClInclude>
    <ClInclude Include="Source\Timer.h">
      <Filter>Utils\Time</Filter>
    </ClInclude>
    <ClInclude Include="Source\Mesh.h">
      <Filter>Utils\Geometry</Filter>
    </ClInclude>
    <ClInclude Include="Source\Model.h">
      <Filter>Utils\Geometry</Filter>
    </ClInclude>
    <ClInclude Include="Source\glmath.h">
      <Filter>Utils\Others</Filter>
    </ClInclude>
    <ClInclude Include="Source\Color.h">
      <Filter>Utils\Others</Filter>
    </ClInclude>
    <ClInclude Include="Source\Defs.h">
      <Filter>Utils\Others</Filter>
    </ClInclude>
    <ClInclude Include="Source\stb_image.h">
      <Filter>External\STB</Filter>
    </ClInclude>
    <ClInclude Include="Source\External\PhysFS\include\physfs.h">
      <Filter>External\PhysFS</Filter>
    </ClInclude>
    <ClInclude Include="Source\AssetsManager.h">
      <Filter>Modules</Filter>
    </ClInclude>
  </ItemGroup>
  <ItemGroup>
    <ClCompile Include="Source\External\imgui\imgui_demo.cpp">
      <Filter>External\ImGui</Filter>
    </ClCompile>
    <ClCompile Include="Source\External\imgui\imgui_draw.cpp">
      <Filter>External\ImGui</Filter>
    </ClCompile>
    <ClCompile Include="Source\External\imgui\imgui_impl_sdl.cpp">
      <Filter>External\ImGui</Filter>
    </ClCompile>
    <ClCompile Include="Source\External\imgui\imgui_tables.cpp">
      <Filter>External\ImGui</Filter>
    </ClCompile>
    <ClCompile Include="Source\External\imgui\imgui_widgets.cpp">
      <Filter>External\ImGui</Filter>
    </ClCompile>
    <ClCompile Include="Source\External\imgui\imgui.cpp">
      <Filter>External\ImGui</Filter>
    </ClCompile>
    <ClCompile Include="Source\External\json\json_reader.cpp">
      <Filter>External\JSON</Filter>
    </ClCompile>
    <ClCompile Include="Source\External\json\json_value.cpp">
      <Filter>External\JSON</Filter>
    </ClCompile>
    <ClCompile Include="Source\External\json\json_writer.cpp">
      <Filter>External\JSON</Filter>
    </ClCompile>
    <ClCompile Include="Source\External\parson\Parson.cpp">
      <Filter>External\Parson</Filter>
    </ClCompile>
    <ClCompile Include="Source\EditorScene.cpp">
      <Filter>Scenes</Filter>
    </ClCompile>
    <ClCompile Include="Source\External\imgui\imgui_stdlib.cpp">
      <Filter>External\ImGui</Filter>
    </ClCompile>
    <ClCompile Include="Source\ModuleCamera3D.cpp">
      <Filter>Modules</Filter>
    </ClCompile>
    <ClCompile Include="Source\ModuleInput.cpp">
      <Filter>Modules</Filter>
    </ClCompile>
    <ClCompile Include="Source\ModuleRenderer3D.cpp">
      <Filter>Modules</Filter>
    </ClCompile>
    <ClCompile Include="Source\ModuleSceneIntro.cpp">
      <Filter>Modules</Filter>
    </ClCompile>
    <ClCompile Include="Source\ModuleWindow.cpp">
      <Filter>Modules</Filter>
    </ClCompile>
    <ClCompile Include="Source\External\imgui\imgui_impl_opengl3.cpp">
      <Filter>External\ImGui</Filter>
    </ClCompile>
    <ClCompile Include="Source\Main.cpp">
      <Filter>Modules</Filter>
    </ClCompile>
    <ClCompile Include="Source\Application.cpp">
      <Filter>Modules</Filter>
    </ClCompile>
    <ClCompile Include="Source\Light.cpp">
      <Filter>Utils\Geometry</Filter>
    </ClCompile>
    <ClCompile Include="Source\PerfTimer.cpp">
      <Filter>Utils\Time</Filter>
    </ClCompile>
    <ClCompile Include="Source\Timer.cpp">
      <Filter>Utils\Time</Filter>
    </ClCompile>
    <ClCompile Include="Source\Color.cpp">
      <Filter>Utils\Others</Filter>
    </ClCompile>
    <ClCompile Include="Source\glmath.cpp">
      <Filter>Utils\Others</Filter>
    </ClCompile>
    <ClCompile Include="Source\log.cpp">
      <Filter>Utils\Others</Filter>
    </ClCompile>
    <ClCompile Include="Source\Model.cpp">
      <Filter>Utils\Geometry</Filter>
    </ClCompile>
    <ClCompile Include="Source\AssetsManager.cpp">
      <Filter>Modules</Filter>
    </ClCompile>
  </ItemGroup>
  <ItemGroup>
    <None Include="Source\External\json\json_valueiterator.inl">
      <Filter>External\JSON</Filter>
    </None>
  </ItemGroup>
</Project>