<?xml version="1.0" encoding="utf-8"?>
<Project ToolsVersion="4.0" xmlns="http://schemas.microsoft.com/developer/msbuild/2003">
  <ItemGroup>
    <Filter Include="Source Files">
      <UniqueIdentifier>{4FC737F1-C7A5-4376-A066-2A32D752A2FF}</UniqueIdentifier>
      <Extensions>cpp;c;cc;cxx;def;odl;idl;hpj;bat;asm;asmx</Extensions>
    </Filter>
    <Filter Include="Header Files">
      <UniqueIdentifier>{93995380-89BD-4b04-88EB-625FBE52EBFB}</UniqueIdentifier>
      <Extensions>h;hh;hpp;hxx;hm;inl;inc;xsd</Extensions>
    </Filter>
    <Filter Include="External">
      <UniqueIdentifier>{26fff0dc-a8d2-4349-b2fc-4d8afb192c19}</UniqueIdentifier>
    </Filter>
    <Filter Include="External\ImGui">
      <UniqueIdentifier>{2a275927-ca8b-4e40-8398-f28a8061b454}</UniqueIdentifier>
    </Filter>
    <Filter Include="Utils">
      <UniqueIdentifier>{5dcb9ea3-d982-4d1f-ad4e-d3d5b89e4db4}</UniqueIdentifier>
    </Filter>
    <Filter Include="External\JSON">
      <UniqueIdentifier>{86e0c9c7-41c7-4b1d-9d68-2badfd379d32}</UniqueIdentifier>
    </Filter>
    <Filter Include="External\RapidJSON">
      <UniqueIdentifier>{f8dbf3dc-ee88-4d67-8f4b-d2e9e70d14a5}</UniqueIdentifier>
    </Filter>
    <Filter Include="External\Parson">
      <UniqueIdentifier>{5508529d-7126-4be6-88cb-c2832293fb47}</UniqueIdentifier>
    </Filter>
    <Filter Include="Scenes">
      <UniqueIdentifier>{2e53bde3-95bd-4f0e-99da-302533fd6613}</UniqueIdentifier>
    </Filter>
  </ItemGroup>
  <ItemGroup>
    <ClInclude Include="Source\Application.h">
      <Filter>Header Files</Filter>
    </ClInclude>
    <ClInclude Include="Source\Globals.h">
      <Filter>Header Files</Filter>
    </ClInclude>
    <ClInclude Include="Source\Module.h">
      <Filter>Header Files</Filter>
    </ClInclude>
    <ClInclude Include="Source\ModuleInput.h">
      <Filter>Header Files</Filter>
    </ClInclude>
    <ClInclude Include="Source\ModuleRender.h">
      <Filter>Header Files</Filter>
    </ClInclude>
    <ClInclude Include="Source\ModuleSceneIntro.h">
      <Filter>Header Files</Filter>
    </ClInclude>
    <ClInclude Include="Source\ModuleTextures.h">
      <Filter>Header Files</Filter>
    </ClInclude>
    <ClInclude Include="Source\ModuleWindow.h">
      <Filter>Header Files</Filter>
    </ClInclude>
    <ClInclude Include="Source\External\imgui\imconfig.h">
      <Filter>External\ImGui</Filter>
    </ClInclude>
    <ClInclude Include="Source\External\imgui\imgui_impl_sdl.h">
      <Filter>External\ImGui</Filter>
    </ClInclude>
    <ClInclude Include="Source\External\imgui\imgui_internal.h">
      <Filter>External\ImGui</Filter>
    </ClInclude>
    <ClInclude Include="Source\External\imgui\imstb_rectpack.h">
      <Filter>External\ImGui</Filter>
    </ClInclude>
    <ClInclude Include="Source\External\imgui\imstb_textedit.h">
      <Filter>External\ImGui</Filter>
    </ClInclude>
    <ClInclude Include="Source\External\imgui\imstb_truetype.h">
      <Filter>External\ImGui</Filter>
    </ClInclude>
    <ClInclude Include="Source\Primitive.h">
      <Filter>Utils</Filter>
    </ClInclude>
    <ClInclude Include="Source\External\imgui\imgui_impl_opengl2.h">
      <Filter>External\ImGui</Filter>
    </ClInclude>
    <ClInclude Include="Source\External\imgui\imgui.h">
      <Filter>External\ImGui</Filter>
    </ClInclude>
    <ClInclude Include="Source\External\json\allocator.h">
      <Filter>External\JSON</Filter>
    </ClInclude>
    <ClInclude Include="Source\External\json\assertions.h">
      <Filter>External\JSON</Filter>
    </ClInclude>
    <ClInclude Include="Source\External\json\config.h">
      <Filter>External\JSON</Filter>
    </ClInclude>
    <ClInclude Include="Source\External\json\forwards.h">
      <Filter>External\JSON</Filter>
    </ClInclude>
    <ClInclude Include="Source\External\json\json.h">
      <Filter>External\JSON</Filter>
    </ClInclude>
    <ClInclude Include="Source\External\json\json_features.h">
      <Filter>External\JSON</Filter>
    </ClInclude>
    <ClInclude Include="Source\External\json\json_tool.h">
      <Filter>External\JSON</Filter>
    </ClInclude>
    <ClInclude Include="Source\External\json\reader.h">
      <Filter>External\JSON</Filter>
    </ClInclude>
    <ClInclude Include="Source\External\json\value.h">
      <Filter>External\JSON</Filter>
    </ClInclude>
    <ClInclude Include="Source\External\json\version.h">
      <Filter>External\JSON</Filter>
    </ClInclude>
    <ClInclude Include="Source\External\json\writer.h">
      <Filter>External\JSON</Filter>
    </ClInclude>
    <ClInclude Include="Source\External\rapidjson\allocators.h">
      <Filter>External\RapidJSON</Filter>
    </ClInclude>
    <ClInclude Include="Source\External\rapidjson\document.h">
      <Filter>External\RapidJSON</Filter>
    </ClInclude>
    <ClInclude Include="Source\External\rapidjson\encodedstream.h">
      <Filter>External\RapidJSON</Filter>
    </ClInclude>
    <ClInclude Include="Source\External\rapidjson\encodings.h">
      <Filter>External\RapidJSON</Filter>
    </ClInclude>
    <ClInclude Include="Source\External\rapidjson\filereadstream.h">
      <Filter>External\RapidJSON</Filter>
    </ClInclude>
    <ClInclude Include="Source\External\rapidjson\filewritestream.h">
      <Filter>External\RapidJSON</Filter>
    </ClInclude>
    <ClInclude Include="Source\External\rapidjson\fwd.h">
      <Filter>External\RapidJSON</Filter>
    </ClInclude>
    <ClInclude Include="Source\External\rapidjson\istreamwrapper.h">
      <Filter>External\RapidJSON</Filter>
    </ClInclude>
    <ClInclude Include="Source\External\rapidjson\memorybuffer.h">
      <Filter>External\RapidJSON</Filter>
    </ClInclude>
    <ClInclude Include="Source\External\rapidjson\memorystream.h">
      <Filter>External\RapidJSON</Filter>
    </ClInclude>
    <ClInclude Include="Source\External\rapidjson\ostreamwrapper.h">
      <Filter>External\RapidJSON</Filter>
    </ClInclude>
    <ClInclude Include="Source\External\rapidjson\pointer.h">
      <Filter>External\RapidJSON</Filter>
    </ClInclude>
    <ClInclude Include="Source\External\rapidjson\prettywriter.h">
      <Filter>External\RapidJSON</Filter>
    </ClInclude>
    <ClInclude Include="Source\External\rapidjson\rapidjson.h">
      <Filter>External\RapidJSON</Filter>
    </ClInclude>
    <ClInclude Include="Source\External\rapidjson\reader.h">
      <Filter>External\RapidJSON</Filter>
    </ClInclude>
    <ClInclude Include="Source\External\rapidjson\schema.h">
      <Filter>External\RapidJSON</Filter>
    </ClInclude>
    <ClInclude Include="Source\External\rapidjson\stream.h">
      <Filter>External\RapidJSON</Filter>
    </ClInclude>
    <ClInclude Include="Source\External\rapidjson\stringbuffer.h">
      <Filter>External\RapidJSON</Filter>
    </ClInclude>
    <ClInclude Include="Source\External\rapidjson\writer.h">
      <Filter>External\RapidJSON</Filter>
    </ClInclude>
    <ClInclude Include="Source\External\parson\Parson.h">
      <Filter>External\Parson</Filter>
    </ClInclude>
    <ClInclude Include="Source\EditorScene.h">
      <Filter>Scenes</Filter>
    </ClInclude>
    <ClInclude Include="Source\External\imgui\imgui_stdlib.h">
      <Filter>External\ImGui</Filter>
    </ClInclude>
    <ClInclude Include="Source\Timer.h">
      <Filter>Utils</Filter>
    </ClInclude>
    <ClInclude Include="Source\PerfTimer.h">
      <Filter>Utils</Filter>
    </ClInclude>
    <ClInclude Include="Source\Defs.h">
      <Filter>Utils</Filter>
    </ClInclude>
  </ItemGroup>
  <ItemGroup>
    <ClCompile Include="Source\Application.cpp">
      <Filter>Source Files</Filter>
    </ClCompile>
    <ClCompile Include="Source\log.cpp">
      <Filter>Source Files</Filter>
    </ClCompile>
    <ClCompile Include="Source\Main.cpp">
      <Filter>Source Files</Filter>
    </ClCompile>
    <ClCompile Include="Source\ModuleInput.cpp">
      <Filter>Source Files</Filter>
    </ClCompile>
    <ClCompile Include="Source\ModuleRender.cpp">
      <Filter>Source Files</Filter>
    </ClCompile>
    <ClCompile Include="Source\ModuleSceneIntro.cpp">
      <Filter>Source Files</Filter>
    </ClCompile>
    <ClCompile Include="Source\ModuleTextures.cpp">
      <Filter>Source Files</Filter>
    </ClCompile>
    <ClCompile Include="Source\ModuleWindow.cpp">
      <Filter>Source Files</Filter>
    </ClCompile>
    <ClCompile Include="Source\External\imgui\imgui_demo.cpp">
      <Filter>External\ImGui</Filter>
    </ClCompile>
    <ClCompile Include="Source\External\imgui\imgui_draw.cpp">
      <Filter>External\ImGui</Filter>
    </ClCompile>
    <ClCompile Include="Source\External\imgui\imgui_impl_sdl.cpp">
      <Filter>External\ImGui</Filter>
    </ClCompile>
    <ClCompile Include="Source\External\imgui\imgui_tables.cpp">
      <Filter>External\ImGui</Filter>
    </ClCompile>
    <ClCompile Include="Source\External\imgui\imgui_widgets.cpp">
      <Filter>External\ImGui</Filter>
    </ClCompile>
    <ClCompile Include="Source\Primitive.cpp">
      <Filter>Utils</Filter>
    </ClCompile>
    <ClCompile Include="Source\External\imgui\imgui_impl_opengl2.cpp">
      <Filter>External\ImGui</Filter>
    </ClCompile>
    <ClCompile Include="Source\External\imgui\imgui.cpp">
      <Filter>External\ImGui</Filter>
    </ClCompile>
    <ClCompile Include="Source\External\json\json_reader.cpp">
      <Filter>External\JSON</Filter>
    </ClCompile>
    <ClCompile Include="Source\External\json\json_value.cpp">
      <Filter>External\JSON</Filter>
    </ClCompile>
    <ClCompile Include="Source\External\json\json_writer.cpp">
      <Filter>External\JSON</Filter>
    </ClCompile>
    <ClCompile Include="Source\External\parson\Parson.cpp">
      <Filter>External\Parson</Filter>
    </ClCompile>
    <ClCompile Include="Source\EditorScene.cpp">
      <Filter>Scenes</Filter>
    </ClCompile>
    <ClCompile Include="Source\External\imgui\imgui_stdlib.cpp">
      <Filter>External\ImGui</Filter>
    </ClCompile>
    <ClCompile Include="Source\Timer.cpp">
      <Filter>Utils</Filter>
    </ClCompile>
    <ClCompile Include="Source\PerfTimer.cpp">
      <Filter>Utils</Filter>
    </ClCompile>
  </ItemGroup>
  <ItemGroup>
    <None Include="Source\External\json\json_valueiterator.inl">
      <Filter>External\JSON</Filter>
    </None>
  </ItemGroup>
</Project>